
Microsoft Visual Studio Solution File, Format Version 12.00
# Visual Studio 14
VisualStudioVersion = 14.0.23107.0
MinimumVisualStudioVersion = 10.0.40219.1
Project("{FAE04EC0-301F-11D3-BF4B-00C04F79EFBC}") = "terbilangApp", "terbilangApp\terbilangApp.csproj", "{6458727E-CD2C-4578-93CD-6706298A604A}"
EndProject
Project("{FAE04EC0-301F-11D3-BF4B-00C04F79EFBC}") = "terbilangLibrary", "terbilangLibrary\terbilangLibrary.csproj", "{B066C899-5D85-40F8-BCBA-358ADB2985E5}"
EndProject
Global
	GlobalSection(SolutionConfigurationPlatforms) = preSolution
		Debug|Any CPU = Debug|Any CPU
		Release|Any CPU = Release|Any CPU
	EndGlobalSection
	GlobalSection(ProjectConfigurationPlatforms) = postSolution
		{6458727E-CD2C-4578-93CD-6706298A604A}.Debug|Any CPU.ActiveCfg = Debug|Any CPU
		{6458727E-CD2C-4578-93CD-6706298A604A}.Debug|Any CPU.Build.0 = Debug|Any CPU
		{6458727E-CD2C-4578-93CD-6706298A604A}.Release|Any CPU.ActiveCfg = Release|Any CPU
		{6458727E-CD2C-4578-93CD-6706298A604A}.Release|Any CPU.Build.0 = Release|Any CPU
		{B066C899-5D85-40F8-BCBA-358ADB2985E5}.Debug|Any CPU.ActiveCfg = Debug|Any CPU
		{B066C899-5D85-40F8-BCBA-358ADB2985E5}.Debug|Any CPU.Build.0 = Debug|Any CPU
		{B066C899-5D85-40F8-BCBA-358ADB2985E5}.Release|Any CPU.ActiveCfg = Release|Any CPU
		{B066C899-5D85-40F8-BCBA-358ADB2985E5}.Release|Any CPU.Build.0 = Release|Any CPU
	EndGlobalSection
	GlobalSection(SolutionProperties) = preSolution
		HideSolutionNode = FALSE
	EndGlobalSection
EndGlobal
